
Microsoft Visual Studio Solution File, Format Version 12.00
# Visual Studio Version 17
VisualStudioVersion = 17.7.34202.233
MinimumVisualStudioVersion = 10.0.40219.1
Project("{FAE04EC0-301F-11D3-BF4B-00C04F79EFBC}") = "EstruturaSequencial5", "EstruturaSequencial5\EstruturaSequencial5.csproj", "{83E6DED9-59F5-47E8-9B70-D232965F4025}"
EndProject
Global
	GlobalSection(SolutionConfigurationPlatforms) = preSolution
		Debug|Any CPU = Debug|Any CPU
		Release|Any CPU = Release|Any CPU
	EndGlobalSection
	GlobalSection(ProjectConfigurationPlatforms) = postSolution
		{83E6DED9-59F5-47E8-9B70-D232965F4025}.Debug|Any CPU.ActiveCfg = Debug|Any CPU
		{83E6DED9-59F5-47E8-9B70-D232965F4025}.Debug|Any CPU.Build.0 = Debug|Any CPU
		{83E6DED9-59F5-47E8-9B70-D232965F4025}.Release|Any CPU.ActiveCfg = Release|Any CPU
		{83E6DED9-59F5-47E8-9B70-D232965F4025}.Release|Any CPU.Build.0 = Release|Any CPU
	EndGlobalSection
	GlobalSection(SolutionProperties) = preSolution
		HideSolutionNode = FALSE
	EndGlobalSection
	GlobalSection(ExtensibilityGlobals) = postSolution
		SolutionGuid = {B70D7B77-7E5E-4CF2-8419-5E96419A7D60}
	EndGlobalSection
EndGlobal
